{
  "object": {
    "pins": [
      {
        "package": "TinyKeyValueStore",
        "repositoryURL": "https://github.com/royhsu/tiny-key-value-store",
        "state": {
          "branch": "swift-5",
          "revision": "628b6c763981f4af9fea0e755a454df4b911348c",
          "version": null
        }
      }
    ]
  },
  "version": 1
}
